// !$*UTF8*$!
{
	archiveVersion = 1;
	classes = {
	};
	objectVersion = 55;
	objects = {

/* Begin PBXBuildFile section */
		AE2F228627E2206900979F09 /* AppDelegate.swift in Sources */ = {isa = PBXBuildFile; fileRef = AE2F228527E2206900979F09 /* AppDelegate.swift */; };
		AE2F228827E2206900979F09 /* SceneDelegate.swift in Sources */ = {isa = PBXBuildFile; fileRef = AE2F228727E2206900979F09 /* SceneDelegate.swift */; };
		AE2F228A27E2206900979F09 /* GameViewController.swift in Sources */ = {isa = PBXBuildFile; fileRef = AE2F228927E2206900979F09 /* GameViewController.swift */; };
		AE2F228D27E2206900979F09 /* Main.storyboard in Resources */ = {isa = PBXBuildFile; fileRef = AE2F228B27E2206900979F09 /* Main.storyboard */; };
		AE2F228F27E2206900979F09 /* Assets.xcassets in Resources */ = {isa = PBXBuildFile; fileRef = AE2F228E27E2206900979F09 /* Assets.xcassets */; };
		AE2F229227E2206900979F09 /* LaunchScreen.storyboard in Resources */ = {isa = PBXBuildFile; fileRef = AE2F229027E2206900979F09 /* LaunchScreen.storyboard */; };
		AE2F229D27E2206900979F09 /* LearnKanaTests.swift in Sources */ = {isa = PBXBuildFile; fileRef = AE2F229C27E2206900979F09 /* LearnKanaTests.swift */; };
		AE2F22A727E2206900979F09 /* LearnKanaUITests.swift in Sources */ = {isa = PBXBuildFile; fileRef = AE2F22A627E2206900979F09 /* LearnKanaUITests.swift */; };
		AE2F22A927E2206900979F09 /* LearnKanaUITestsLaunchTests.swift in Sources */ = {isa = PBXBuildFile; fileRef = AE2F22A827E2206900979F09 /* LearnKanaUITestsLaunchTests.swift */; };
		AE2F22B727E2210A00979F09 /* Alphabet.swift in Sources */ = {isa = PBXBuildFile; fileRef = AE2F22B627E2210A00979F09 /* Alphabet.swift */; };
		AE2F22B927E2213C00979F09 /* Hiragana.swift in Sources */ = {isa = PBXBuildFile; fileRef = AE2F22B827E2213C00979F09 /* Hiragana.swift */; };
		AE2F22BB27E2214800979F09 /* Katakana.swift in Sources */ = {isa = PBXBuildFile; fileRef = AE2F22BA27E2214800979F09 /* Katakana.swift */; };
		AE2F22BE27E2302700979F09 /* KanaViewModel.swift in Sources */ = {isa = PBXBuildFile; fileRef = AE2F22BD27E2302700979F09 /* KanaViewModel.swift */; };
		AE2F22C027E231DA00979F09 /* Latin.swift in Sources */ = {isa = PBXBuildFile; fileRef = AE2F22BF27E231DA00979F09 /* Latin.swift */; };
		AE2F22C627E3443B00979F09 /* SelectGameViewController.swift in Sources */ = {isa = PBXBuildFile; fileRef = AE2F22C527E3443B00979F09 /* SelectGameViewController.swift */; };
		AE2F22C827E3445100979F09 /* GameOptionsViewController.swift in Sources */ = {isa = PBXBuildFile; fileRef = AE2F22C727E3445100979F09 /* GameOptionsViewController.swift */; };
		AEF6696D27E4BB3A009D7E66 /* GameOptionsViewModel.swift in Sources */ = {isa = PBXBuildFile; fileRef = AEF6696C27E4BB3A009D7E66 /* GameOptionsViewModel.swift */; };
/* End PBXBuildFile section */

/* Begin PBXContainerItemProxy section */
		AE2F229927E2206900979F09 /* PBXContainerItemProxy */ = {
			isa = PBXContainerItemProxy;
			containerPortal = AE2F227A27E2206900979F09 /* Project object */;
			proxyType = 1;
			remoteGlobalIDString = AE2F228127E2206900979F09;
			remoteInfo = LearnKana;
		};
		AE2F22A327E2206900979F09 /* PBXContainerItemProxy */ = {
			isa = PBXContainerItemProxy;
			containerPortal = AE2F227A27E2206900979F09 /* Project object */;
			proxyType = 1;
			remoteGlobalIDString = AE2F228127E2206900979F09;
			remoteInfo = LearnKana;
		};
/* End PBXContainerItemProxy section */

/* Begin PBXFileReference section */
		AE2F228227E2206900979F09 /* LearnKana.app */ = {isa = PBXFileReference; explicitFileType = wrapper.application; includeInIndex = 0; path = LearnKana.app; sourceTree = BUILT_PRODUCTS_DIR; };
		AE2F228527E2206900979F09 /* AppDelegate.swift */ = {isa = PBXFileReference; lastKnownFileType = sourcecode.swift; path = AppDelegate.swift; sourceTree = "<group>"; };
		AE2F228727E2206900979F09 /* SceneDelegate.swift */ = {isa = PBXFileReference; lastKnownFileType = sourcecode.swift; path = SceneDelegate.swift; sourceTree = "<group>"; };
		AE2F228927E2206900979F09 /* GameViewController.swift */ = {isa = PBXFileReference; lastKnownFileType = sourcecode.swift; path = GameViewController.swift; sourceTree = "<group>"; };
		AE2F228C27E2206900979F09 /* Base */ = {isa = PBXFileReference; lastKnownFileType = file.storyboard; name = Base; path = Base.lproj/Main.storyboard; sourceTree = "<group>"; };
		AE2F228E27E2206900979F09 /* Assets.xcassets */ = {isa = PBXFileReference; lastKnownFileType = folder.assetcatalog; path = Assets.xcassets; sourceTree = "<group>"; };
		AE2F229127E2206900979F09 /* Base */ = {isa = PBXFileReference; lastKnownFileType = file.storyboard; name = Base; path = Base.lproj/LaunchScreen.storyboard; sourceTree = "<group>"; };
		AE2F229327E2206900979F09 /* Info.plist */ = {isa = PBXFileReference; lastKnownFileType = text.plist.xml; path = Info.plist; sourceTree = "<group>"; };
		AE2F229827E2206900979F09 /* LearnKanaTests.xctest */ = {isa = PBXFileReference; explicitFileType = wrapper.cfbundle; includeInIndex = 0; path = LearnKanaTests.xctest; sourceTree = BUILT_PRODUCTS_DIR; };
		AE2F229C27E2206900979F09 /* LearnKanaTests.swift */ = {isa = PBXFileReference; lastKnownFileType = sourcecode.swift; path = LearnKanaTests.swift; sourceTree = "<group>"; };
		AE2F22A227E2206900979F09 /* LearnKanaUITests.xctest */ = {isa = PBXFileReference; explicitFileType = wrapper.cfbundle; includeInIndex = 0; path = LearnKanaUITests.xctest; sourceTree = BUILT_PRODUCTS_DIR; };
		AE2F22A627E2206900979F09 /* LearnKanaUITests.swift */ = {isa = PBXFileReference; lastKnownFileType = sourcecode.swift; path = LearnKanaUITests.swift; sourceTree = "<group>"; };
		AE2F22A827E2206900979F09 /* LearnKanaUITestsLaunchTests.swift */ = {isa = PBXFileReference; lastKnownFileType = sourcecode.swift; path = LearnKanaUITestsLaunchTests.swift; sourceTree = "<group>"; };
		AE2F22B627E2210A00979F09 /* Alphabet.swift */ = {isa = PBXFileReference; lastKnownFileType = sourcecode.swift; path = Alphabet.swift; sourceTree = "<group>"; };
		AE2F22B827E2213C00979F09 /* Hiragana.swift */ = {isa = PBXFileReference; lastKnownFileType = sourcecode.swift; path = Hiragana.swift; sourceTree = "<group>"; };
		AE2F22BA27E2214800979F09 /* Katakana.swift */ = {isa = PBXFileReference; lastKnownFileType = sourcecode.swift; path = Katakana.swift; sourceTree = "<group>"; };
		AE2F22BD27E2302700979F09 /* KanaViewModel.swift */ = {isa = PBXFileReference; lastKnownFileType = sourcecode.swift; path = KanaViewModel.swift; sourceTree = "<group>"; };
		AE2F22BF27E231DA00979F09 /* Latin.swift */ = {isa = PBXFileReference; lastKnownFileType = sourcecode.swift; path = Latin.swift; sourceTree = "<group>"; };
		AE2F22C527E3443B00979F09 /* SelectGameViewController.swift */ = {isa = PBXFileReference; lastKnownFileType = sourcecode.swift; path = SelectGameViewController.swift; sourceTree = "<group>"; };
		AE2F22C727E3445100979F09 /* GameOptionsViewController.swift */ = {isa = PBXFileReference; lastKnownFileType = sourcecode.swift; path = GameOptionsViewController.swift; sourceTree = "<group>"; };
		AEF6696C27E4BB3A009D7E66 /* GameOptionsViewModel.swift */ = {isa = PBXFileReference; lastKnownFileType = sourcecode.swift; path = GameOptionsViewModel.swift; sourceTree = "<group>"; };
/* End PBXFileReference section */

/* Begin PBXFrameworksBuildPhase section */
		AE2F227F27E2206900979F09 /* Frameworks */ = {
			isa = PBXFrameworksBuildPhase;
			buildActionMask = 2147483647;
			files = (
			);
			runOnlyForDeploymentPostprocessing = 0;
		};
		AE2F229527E2206900979F09 /* Frameworks */ = {
			isa = PBXFrameworksBuildPhase;
			buildActionMask = 2147483647;
			files = (
			);
			runOnlyForDeploymentPostprocessing = 0;
		};
		AE2F229F27E2206900979F09 /* Frameworks */ = {
			isa = PBXFrameworksBuildPhase;
			buildActionMask = 2147483647;
			files = (
			);
			runOnlyForDeploymentPostprocessing = 0;
		};
/* End PBXFrameworksBuildPhase section */

/* Begin PBXGroup section */
		AE2F227927E2206900979F09 = {
			isa = PBXGroup;
			children = (
				AE2F228427E2206900979F09 /* LearnKana */,
				AE2F229B27E2206900979F09 /* LearnKanaTests */,
				AE2F22A527E2206900979F09 /* LearnKanaUITests */,
				AE2F228327E2206900979F09 /* Products */,
			);
			sourceTree = "<group>";
		};
		AE2F228327E2206900979F09 /* Products */ = {
			isa = PBXGroup;
			children = (
				AE2F228227E2206900979F09 /* LearnKana.app */,
				AE2F229827E2206900979F09 /* LearnKanaTests.xctest */,
				AE2F22A227E2206900979F09 /* LearnKanaUITests.xctest */,
			);
			name = Products;
			sourceTree = "<group>";
		};
		AE2F228427E2206900979F09 /* LearnKana */ = {
			isa = PBXGroup;
			children = (
				AE2F22C927E344C700979F09 /* Views */,
				AE2F22C427E343B800979F09 /* ViewControllers */,
				AE2F22BC27E2300700979F09 /* ViewModel */,
				AE2F22B527E220EE00979F09 /* Models */,
				AE2F228527E2206900979F09 /* AppDelegate.swift */,
				AE2F228727E2206900979F09 /* SceneDelegate.swift */,
				AE2F228E27E2206900979F09 /* Assets.xcassets */,
				AE2F229027E2206900979F09 /* LaunchScreen.storyboard */,
				AE2F229327E2206900979F09 /* Info.plist */,
			);
			path = LearnKana;
			sourceTree = "<group>";
		};
		AE2F229B27E2206900979F09 /* LearnKanaTests */ = {
			isa = PBXGroup;
			children = (
				AE2F229C27E2206900979F09 /* LearnKanaTests.swift */,
			);
			path = LearnKanaTests;
			sourceTree = "<group>";
		};
		AE2F22A527E2206900979F09 /* LearnKanaUITests */ = {
			isa = PBXGroup;
			children = (
				AE2F22A627E2206900979F09 /* LearnKanaUITests.swift */,
				AE2F22A827E2206900979F09 /* LearnKanaUITestsLaunchTests.swift */,
			);
			path = LearnKanaUITests;
			sourceTree = "<group>";
		};
		AE2F22B527E220EE00979F09 /* Models */ = {
			isa = PBXGroup;
			children = (
				AE2F22B627E2210A00979F09 /* Alphabet.swift */,
				AE2F22B827E2213C00979F09 /* Hiragana.swift */,
				AE2F22BA27E2214800979F09 /* Katakana.swift */,
				AE2F22BF27E231DA00979F09 /* Latin.swift */,
			);
			path = Models;
			sourceTree = "<group>";
		};
		AE2F22BC27E2300700979F09 /* ViewModel */ = {
			isa = PBXGroup;
			children = (
				AE2F22BD27E2302700979F09 /* KanaViewModel.swift */,
				AEF6696C27E4BB3A009D7E66 /* GameOptionsViewModel.swift */,
			);
			path = ViewModel;
			sourceTree = "<group>";
		};
		AE2F22C427E343B800979F09 /* ViewControllers */ = {
			isa = PBXGroup;
			children = (
				AE2F228927E2206900979F09 /* GameViewController.swift */,
				AE2F22C527E3443B00979F09 /* SelectGameViewController.swift */,
				AE2F22C727E3445100979F09 /* GameOptionsViewController.swift */,
			);
			path = ViewControllers;
			sourceTree = "<group>";
		};
		AE2F22C927E344C700979F09 /* Views */ = {
			isa = PBXGroup;
			children = (
				AE2F228B27E2206900979F09 /* Main.storyboard */,
			);
			path = Views;
			sourceTree = "<group>";
		};
/* End PBXGroup section */

/* Begin PBXNativeTarget section */
		AE2F228127E2206900979F09 /* LearnKana */ = {
			isa = PBXNativeTarget;
			buildConfigurationList = AE2F22AC27E2206900979F09 /* Build configuration list for PBXNativeTarget "LearnKana" */;
			buildPhases = (
				AE2F227E27E2206900979F09 /* Sources */,
				AE2F227F27E2206900979F09 /* Frameworks */,
				AE2F228027E2206900979F09 /* Resources */,
			);
			buildRules = (
			);
			dependencies = (
			);
			name = LearnKana;
			productName = LearnKana;
			productReference = AE2F228227E2206900979F09 /* LearnKana.app */;
			productType = "com.apple.product-type.application";
		};
		AE2F229727E2206900979F09 /* LearnKanaTests */ = {
			isa = PBXNativeTarget;
			buildConfigurationList = AE2F22AF27E2206900979F09 /* Build configuration list for PBXNativeTarget "LearnKanaTests" */;
			buildPhases = (
				AE2F229427E2206900979F09 /* Sources */,
				AE2F229527E2206900979F09 /* Frameworks */,
				AE2F229627E2206900979F09 /* Resources */,
			);
			buildRules = (
			);
			dependencies = (
				AE2F229A27E2206900979F09 /* PBXTargetDependency */,
			);
			name = LearnKanaTests;
			productName = LearnKanaTests;
			productReference = AE2F229827E2206900979F09 /* LearnKanaTests.xctest */;
			productType = "com.apple.product-type.bundle.unit-test";
		};
		AE2F22A127E2206900979F09 /* LearnKanaUITests */ = {
			isa = PBXNativeTarget;
			buildConfigurationList = AE2F22B227E2206900979F09 /* Build configuration list for PBXNativeTarget "LearnKanaUITests" */;
			buildPhases = (
				AE2F229E27E2206900979F09 /* Sources */,
				AE2F229F27E2206900979F09 /* Frameworks */,
				AE2F22A027E2206900979F09 /* Resources */,
			);
			buildRules = (
			);
			dependencies = (
				AE2F22A427E2206900979F09 /* PBXTargetDependency */,
			);
			name = LearnKanaUITests;
			productName = LearnKanaUITests;
			productReference = AE2F22A227E2206900979F09 /* LearnKanaUITests.xctest */;
			productType = "com.apple.product-type.bundle.ui-testing";
		};
/* End PBXNativeTarget section */

/* Begin PBXProject section */
		AE2F227A27E2206900979F09 /* Project object */ = {
			isa = PBXProject;
			attributes = {
				BuildIndependentTargetsInParallel = 1;
				LastSwiftUpdateCheck = 1320;
				LastUpgradeCheck = 1320;
				TargetAttributes = {
					AE2F228127E2206900979F09 = {
						CreatedOnToolsVersion = 13.2.1;
					};
					AE2F229727E2206900979F09 = {
						CreatedOnToolsVersion = 13.2.1;
						TestTargetID = AE2F228127E2206900979F09;
					};
					AE2F22A127E2206900979F09 = {
						CreatedOnToolsVersion = 13.2.1;
						TestTargetID = AE2F228127E2206900979F09;
					};
				};
			};
			buildConfigurationList = AE2F227D27E2206900979F09 /* Build configuration list for PBXProject "LearnKana" */;
			compatibilityVersion = "Xcode 13.0";
			developmentRegion = en;
			hasScannedForEncodings = 0;
			knownRegions = (
				en,
				Base,
			);
			mainGroup = AE2F227927E2206900979F09;
			productRefGroup = AE2F228327E2206900979F09 /* Products */;
			projectDirPath = "";
			projectRoot = "";
			targets = (
				AE2F228127E2206900979F09 /* LearnKana */,
				AE2F229727E2206900979F09 /* LearnKanaTests */,
				AE2F22A127E2206900979F09 /* LearnKanaUITests */,
			);
		};
/* End PBXProject section */

/* Begin PBXResourcesBuildPhase section */
		AE2F228027E2206900979F09 /* Resources */ = {
			isa = PBXResourcesBuildPhase;
			buildActionMask = 2147483647;
			files = (
				AE2F229227E2206900979F09 /* LaunchScreen.storyboard in Resources */,
				AE2F228F27E2206900979F09 /* Assets.xcassets in Resources */,
				AE2F228D27E2206900979F09 /* Main.storyboard in Resources */,
			);
			runOnlyForDeploymentPostprocessing = 0;
		};
		AE2F229627E2206900979F09 /* Resources */ = {
			isa = PBXResourcesBuildPhase;
			buildActionMask = 2147483647;
			files = (
			);
			runOnlyForDeploymentPostprocessing = 0;
		};
		AE2F22A027E2206900979F09 /* Resources */ = {
			isa = PBXResourcesBuildPhase;
			buildActionMask = 2147483647;
			files = (
			);
			runOnlyForDeploymentPostprocessing = 0;
		};
/* End PBXResourcesBuildPhase section */

/* Begin PBXSourcesBuildPhase section */
		AE2F227E27E2206900979F09 /* Sources */ = {
			isa = PBXSourcesBuildPhase;
			buildActionMask = 2147483647;
			files = (
				AE2F228A27E2206900979F09 /* GameViewController.swift in Sources */,
				AE2F228627E2206900979F09 /* AppDelegate.swift in Sources */,
				AE2F22B727E2210A00979F09 /* Alphabet.swift in Sources */,
				AE2F22C827E3445100979F09 /* GameOptionsViewController.swift in Sources */,
				AE2F22B927E2213C00979F09 /* Hiragana.swift in Sources */,
				AE2F22C627E3443B00979F09 /* SelectGameViewController.swift in Sources */,
				AE2F228827E2206900979F09 /* SceneDelegate.swift in Sources */,
				AE2F22BE27E2302700979F09 /* KanaViewModel.swift in Sources */,
				AEF6696D27E4BB3A009D7E66 /* GameOptionsViewModel.swift in Sources */,
				AE2F22C027E231DA00979F09 /* Latin.swift in Sources */,
				AE2F22BB27E2214800979F09 /* Katakana.swift in Sources */,
			);
			runOnlyForDeploymentPostprocessing = 0;
		};
		AE2F229427E2206900979F09 /* Sources */ = {
			isa = PBXSourcesBuildPhase;
			buildActionMask = 2147483647;
			files = (
				AE2F229D27E2206900979F09 /* LearnKanaTests.swift in Sources */,
			);
			runOnlyForDeploymentPostprocessing = 0;
		};
		AE2F229E27E2206900979F09 /* Sources */ = {
			isa = PBXSourcesBuildPhase;
			buildActionMask = 2147483647;
			files = (
				AE2F22A927E2206900979F09 /* LearnKanaUITestsLaunchTests.swift in Sources */,
				AE2F22A727E2206900979F09 /* LearnKanaUITests.swift in Sources */,
			);
			runOnlyForDeploymentPostprocessing = 0;
		};
/* End PBXSourcesBuildPhase section */

/* Begin PBXTargetDependency section */
		AE2F229A27E2206900979F09 /* PBXTargetDependency */ = {
			isa = PBXTargetDependency;
			target = AE2F228127E2206900979F09 /* LearnKana */;
			targetProxy = AE2F229927E2206900979F09 /* PBXContainerItemProxy */;
		};
		AE2F22A427E2206900979F09 /* PBXTargetDependency */ = {
			isa = PBXTargetDependency;
			target = AE2F228127E2206900979F09 /* LearnKana */;
			targetProxy = AE2F22A327E2206900979F09 /* PBXContainerItemProxy */;
		};
/* End PBXTargetDependency section */

/* Begin PBXVariantGroup section */
		AE2F228B27E2206900979F09 /* Main.storyboard */ = {
			isa = PBXVariantGroup;
			children = (
				AE2F228C27E2206900979F09 /* Base */,
			);
			name = Main.storyboard;
			sourceTree = "<group>";
		};
		AE2F229027E2206900979F09 /* LaunchScreen.storyboard */ = {
			isa = PBXVariantGroup;
			children = (
				AE2F229127E2206900979F09 /* Base */,
			);
			name = LaunchScreen.storyboard;
			sourceTree = "<group>";
		};
/* End PBXVariantGroup section */

/* Begin XCBuildConfiguration section */
		AE2F22AA27E2206900979F09 /* Debug */ = {
			isa = XCBuildConfiguration;
			buildSettings = {
				ALWAYS_SEARCH_USER_PATHS = NO;
				CLANG_ANALYZER_NONNULL = YES;
				CLANG_ANALYZER_NUMBER_OBJECT_CONVERSION = YES_AGGRESSIVE;
				CLANG_CXX_LANGUAGE_STANDARD = "gnu++17";
				CLANG_CXX_LIBRARY = "libc++";
				CLANG_ENABLE_MODULES = YES;
				CLANG_ENABLE_OBJC_ARC = YES;
				CLANG_ENABLE_OBJC_WEAK = YES;
				CLANG_WARN_BLOCK_CAPTURE_AUTORELEASING = YES;
				CLANG_WARN_BOOL_CONVERSION = YES;
				CLANG_WARN_COMMA = YES;
				CLANG_WARN_CONSTANT_CONVERSION = YES;
				CLANG_WARN_DEPRECATED_OBJC_IMPLEMENTATIONS = YES;
				CLANG_WARN_DIRECT_OBJC_ISA_USAGE = YES_ERROR;
				CLANG_WARN_DOCUMENTATION_COMMENTS = YES;
				CLANG_WARN_EMPTY_BODY = YES;
				CLANG_WARN_ENUM_CONVERSION = YES;
				CLANG_WARN_INFINITE_RECURSION = YES;
				CLANG_WARN_INT_CONVERSION = YES;
				CLANG_WARN_NON_LITERAL_NULL_CONVERSION = YES;
				CLANG_WARN_OBJC_IMPLICIT_RETAIN_SELF = YES;
				CLANG_WARN_OBJC_LITERAL_CONVERSION = YES;
				CLANG_WARN_OBJC_ROOT_CLASS = YES_ERROR;
				CLANG_WARN_QUOTED_INCLUDE_IN_FRAMEWORK_HEADER = YES;
				CLANG_WARN_RANGE_LOOP_ANALYSIS = YES;
				CLANG_WARN_STRICT_PROTOTYPES = YES;
				CLANG_WARN_SUSPICIOUS_MOVE = YES;
				CLANG_WARN_UNGUARDED_AVAILABILITY = YES_AGGRESSIVE;
				CLANG_WARN_UNREACHABLE_CODE = YES;
				CLANG_WARN__DUPLICATE_METHOD_MATCH = YES;
				COPY_PHASE_STRIP = NO;
				DEBUG_INFORMATION_FORMAT = dwarf;
				ENABLE_STRICT_OBJC_MSGSEND = YES;
				ENABLE_TESTABILITY = YES;
				GCC_C_LANGUAGE_STANDARD = gnu11;
				GCC_DYNAMIC_NO_PIC = NO;
				GCC_NO_COMMON_BLOCKS = YES;
				GCC_OPTIMIZATION_LEVEL = 0;
				GCC_PREPROCESSOR_DEFINITIONS = (
					"DEBUG=1",
					"$(inherited)",
				);
				GCC_WARN_64_TO_32_BIT_CONVERSION = YES;
				GCC_WARN_ABOUT_RETURN_TYPE = YES_ERROR;
				GCC_WARN_UNDECLARED_SELECTOR = YES;
				GCC_WARN_UNINITIALIZED_AUTOS = YES_AGGRESSIVE;
				GCC_WARN_UNUSED_FUNCTION = YES;
				GCC_WARN_UNUSED_VARIABLE = YES;
				IPHONEOS_DEPLOYMENT_TARGET = 15.2;
				MTL_ENABLE_DEBUG_INFO = INCLUDE_SOURCE;
				MTL_FAST_MATH = YES;
				ONLY_ACTIVE_ARCH = YES;
				SDKROOT = iphoneos;
				SWIFT_ACTIVE_COMPILATION_CONDITIONS = DEBUG;
				SWIFT_OPTIMIZATION_LEVEL = "-Onone";
			};
			name = Debug;
		};
		AE2F22AB27E2206900979F09 /* Release */ = {
			isa = XCBuildConfiguration;
			buildSettings = {
				ALWAYS_SEARCH_USER_PATHS = NO;
				CLANG_ANALYZER_NONNULL = YES;
				CLANG_ANALYZER_NUMBER_OBJECT_CONVERSION = YES_AGGRESSIVE;
				CLANG_CXX_LANGUAGE_STANDARD = "gnu++17";
				CLANG_CXX_LIBRARY = "libc++";
				CLANG_ENABLE_MODULES = YES;
				CLANG_ENABLE_OBJC_ARC = YES;
				CLANG_ENABLE_OBJC_WEAK = YES;
				CLANG_WARN_BLOCK_CAPTURE_AUTORELEASING = YES;
				CLANG_WARN_BOOL_CONVERSION = YES;
				CLANG_WARN_COMMA = YES;
				CLANG_WARN_CONSTANT_CONVERSION = YES;
				CLANG_WARN_DEPRECATED_OBJC_IMPLEMENTATIONS = YES;
				CLANG_WARN_DIRECT_OBJC_ISA_USAGE = YES_ERROR;
				CLANG_WARN_DOCUMENTATION_COMMENTS = YES;
				CLANG_WARN_EMPTY_BODY = YES;
				CLANG_WARN_ENUM_CONVERSION = YES;
				CLANG_WARN_INFINITE_RECURSION = YES;
				CLANG_WARN_INT_CONVERSION = YES;
				CLANG_WARN_NON_LITERAL_NULL_CONVERSION = YES;
				CLANG_WARN_OBJC_IMPLICIT_RETAIN_SELF = YES;
				CLANG_WARN_OBJC_LITERAL_CONVERSION = YES;
				CLANG_WARN_OBJC_ROOT_CLASS = YES_ERROR;
				CLANG_WARN_QUOTED_INCLUDE_IN_FRAMEWORK_HEADER = YES;
				CLANG_WARN_RANGE_LOOP_ANALYSIS = YES;
				CLANG_WARN_STRICT_PROTOTYPES = YES;
				CLANG_WARN_SUSPICIOUS_MOVE = YES;
				CLANG_WARN_UNGUARDED_AVAILABILITY = YES_AGGRESSIVE;
				CLANG_WARN_UNREACHABLE_CODE = YES;
				CLANG_WARN__DUPLICATE_METHOD_MATCH = YES;
				COPY_PHASE_STRIP = NO;
				DEBUG_INFORMATION_FORMAT = "dwarf-with-dsym";
				ENABLE_NS_ASSERTIONS = NO;
				ENABLE_STRICT_OBJC_MSGSEND = YES;
				GCC_C_LANGUAGE_STANDARD = gnu11;
				GCC_NO_COMMON_BLOCKS = YES;
				GCC_WARN_64_TO_32_BIT_CONVERSION = YES;
				GCC_WARN_ABOUT_RETURN_TYPE = YES_ERROR;
				GCC_WARN_UNDECLARED_SELECTOR = YES;
				GCC_WARN_UNINITIALIZED_AUTOS = YES_AGGRESSIVE;
				GCC_WARN_UNUSED_FUNCTION = YES;
				GCC_WARN_UNUSED_VARIABLE = YES;
				IPHONEOS_DEPLOYMENT_TARGET = 15.2;
				MTL_ENABLE_DEBUG_INFO = NO;
				MTL_FAST_MATH = YES;
				SDKROOT = iphoneos;
				SWIFT_COMPILATION_MODE = wholemodule;
				SWIFT_OPTIMIZATION_LEVEL = "-O";
				VALIDATE_PRODUCT = YES;
			};
			name = Release;
		};
		AE2F22AD27E2206900979F09 /* Debug */ = {
			isa = XCBuildConfiguration;
			buildSettings = {
				ASSETCATALOG_COMPILER_APPICON_NAME = AppIcon;
				ASSETCATALOG_COMPILER_GLOBAL_ACCENT_COLOR_NAME = AccentColor;
				CODE_SIGN_STYLE = Automatic;
				CURRENT_PROJECT_VERSION = 1;
				DEVELOPMENT_TEAM = 6MZZWJ563T;
				GENERATE_INFOPLIST_FILE = YES;
				INFOPLIST_FILE = LearnKana/Info.plist;
				INFOPLIST_KEY_UIApplicationSupportsIndirectInputEvents = YES;
				INFOPLIST_KEY_UILaunchStoryboardName = LaunchScreen;
				INFOPLIST_KEY_UIMainStoryboardFile = Main;
				INFOPLIST_KEY_UISupportedInterfaceOrientations = UIInterfaceOrientationPortrait;
				INFOPLIST_KEY_UISupportedInterfaceOrientations_iPad = "UIInterfaceOrientationPortrait UIInterfaceOrientationPortraitUpsideDown UIInterfaceOrientationLandscapeLeft UIInterfaceOrientationLandscapeRight";
				INFOPLIST_KEY_UISupportedInterfaceOrientations_iPhone = "UIInterfaceOrientationPortrait UIInterfaceOrientationLandscapeLeft UIInterfaceOrientationLandscapeRight";
				IPHONEOS_DEPLOYMENT_TARGET = 14.0;
				LD_RUNPATH_SEARCH_PATHS = (
					"$(inherited)",
					"@executable_path/Frameworks",
				);
				MARKETING_VERSION = 1.0;
				PRODUCT_BUNDLE_IDENTIFIER = yanaka.LearnKana;
				PRODUCT_NAME = "$(TARGET_NAME)";
				SWIFT_EMIT_LOC_STRINGS = YES;
				SWIFT_VERSION = 5.0;
				TARGETED_DEVICE_FAMILY = "1,2";
			};
			name = Debug;
		};
		AE2F22AE27E2206900979F09 /* Release */ = {
			isa = XCBuildConfiguration;
			buildSettings = {
				ASSETCATALOG_COMPILER_APPICON_NAME = AppIcon;
				ASSETCATALOG_COMPILER_GLOBAL_ACCENT_COLOR_NAME = AccentColor;
				CODE_SIGN_STYLE = Automatic;
				CURRENT_PROJECT_VERSION = 1;
				DEVELOPMENT_TEAM = 6MZZWJ563T;
				GENERATE_INFOPLIST_FILE = YES;
				INFOPLIST_FILE = LearnKana/Info.plist;
				INFOPLIST_KEY_UIApplicationSupportsIndirectInputEvents = YES;
				INFOPLIST_KEY_UILaunchStoryboardName = LaunchScreen;
				INFOPLIST_KEY_UIMainStoryboardFile = Main;
				INFOPLIST_KEY_UISupportedInterfaceOrientations = UIInterfaceOrientationPortrait;
				INFOPLIST_KEY_UISupportedInterfaceOrientations_iPad = "UIInterfaceOrientationPortrait UIInterfaceOrientationPortraitUpsideDown UIInterfaceOrientationLandscapeLeft UIInterfaceOrientationLandscapeRight";
				INFOPLIST_KEY_UISupportedInterfaceOrientations_iPhone = "UIInterfaceOrientationPortrait UIInterfaceOrientationLandscapeLeft UIInterfaceOrientationLandscapeRight";
				IPHONEOS_DEPLOYMENT_TARGET = 14.0;
				LD_RUNPATH_SEARCH_PATHS = (
					"$(inherited)",
					"@executable_path/Frameworks",
				);
				MARKETING_VERSION = 1.0;
				PRODUCT_BUNDLE_IDENTIFIER = yanaka.LearnKana;
				PRODUCT_NAME = "$(TARGET_NAME)";
				SWIFT_EMIT_LOC_STRINGS = YES;
				SWIFT_VERSION = 5.0;
				TARGETED_DEVICE_FAMILY = "1,2";
			};
			name = Release;
		};
		AE2F22B027E2206900979F09 /* Debug */ = {
			isa = XCBuildConfiguration;
			buildSettings = {
				ALWAYS_EMBED_SWIFT_STANDARD_LIBRARIES = YES;
				BUNDLE_LOADER = "$(TEST_HOST)";
				CODE_SIGN_STYLE = Automatic;
				CURRENT_PROJECT_VERSION = 1;
				GENERATE_INFOPLIST_FILE = YES;
				IPHONEOS_DEPLOYMENT_TARGET = 15.2;
				MARKETING_VERSION = 1.0;
				PRODUCT_BUNDLE_IDENTIFIER = yanaka.LearnKanaTests;
				PRODUCT_NAME = "$(TARGET_NAME)";
				SWIFT_EMIT_LOC_STRINGS = NO;
				SWIFT_VERSION = 5.0;
				TARGETED_DEVICE_FAMILY = "1,2";
				TEST_HOST = "$(BUILT_PRODUCTS_DIR)/LearnKana.app/LearnKana";
			};
			name = Debug;
		};
		AE2F22B127E2206900979F09 /* Release */ = {
			isa = XCBuildConfiguration;
			buildSettings = {
				ALWAYS_EMBED_SWIFT_STANDARD_LIBRARIES = YES;
				BUNDLE_LOADER = "$(TEST_HOST)";
				CODE_SIGN_STYLE = Automatic;
				CURRENT_PROJECT_VERSION = 1;
				GENERATE_INFOPLIST_FILE = YES;
				IPHONEOS_DEPLOYMENT_TARGET = 15.2;
				MARKETING_VERSION = 1.0;
				PRODUCT_BUNDLE_IDENTIFIER = yanaka.LearnKanaTests;
				PRODUCT_NAME = "$(TARGET_NAME)";
				SWIFT_EMIT_LOC_STRINGS = NO;
				SWIFT_VERSION = 5.0;
				TARGETED_DEVICE_FAMILY = "1,2";
				TEST_HOST = "$(BUILT_PRODUCTS_DIR)/LearnKana.app/LearnKana";
			};
			name = Release;
		};
		AE2F22B327E2206900979F09 /* Debug */ = {
			isa = XCBuildConfiguration;
			buildSettings = {
				ALWAYS_EMBED_SWIFT_STANDARD_LIBRARIES = YES;
				CODE_SIGN_STYLE = Automatic;
				CURRENT_PROJECT_VERSION = 1;
				GENERATE_INFOPLIST_FILE = YES;
				MARKETING_VERSION = 1.0;
				PRODUCT_BUNDLE_IDENTIFIER = yanaka.LearnKanaUITests;
				PRODUCT_NAME = "$(TARGET_NAME)";
				SWIFT_EMIT_LOC_STRINGS = NO;
				SWIFT_VERSION = 5.0;
				TARGETED_DEVICE_FAMILY = "1,2";
				TEST_TARGET_NAME = LearnKana;
			};
			name = Debug;
		};
		AE2F22B427E2206900979F09 /* Release */ = {
			isa = XCBuildConfiguration;
			buildSettings = {
				ALWAYS_EMBED_SWIFT_STANDARD_LIBRARIES = YES;
				CODE_SIGN_STYLE = Automatic;
				CURRENT_PROJECT_VERSION = 1;
				GENERATE_INFOPLIST_FILE = YES;
				MARKETING_VERSION = 1.0;
				PRODUCT_BUNDLE_IDENTIFIER = yanaka.LearnKanaUITests;
				PRODUCT_NAME = "$(TARGET_NAME)";
				SWIFT_EMIT_LOC_STRINGS = NO;
				SWIFT_VERSION = 5.0;
				TARGETED_DEVICE_FAMILY = "1,2";
				TEST_TARGET_NAME = LearnKana;
			};
			name = Release;
		};
/* End XCBuildConfiguration section */

/* Begin XCConfigurationList section */
		AE2F227D27E2206900979F09 /* Build configuration list for PBXProject "LearnKana" */ = {
			isa = XCConfigurationList;
			buildConfigurations = (
				AE2F22AA27E2206900979F09 /* Debug */,
				AE2F22AB27E2206900979F09 /* Release */,
			);
			defaultConfigurationIsVisible = 0;
			defaultConfigurationName = Release;
		};
		AE2F22AC27E2206900979F09 /* Build configuration list for PBXNativeTarget "LearnKana" */ = {
			isa = XCConfigurationList;
			buildConfigurations = (
				AE2F22AD27E2206900979F09 /* Debug */,
				AE2F22AE27E2206900979F09 /* Release */,
			);
			defaultConfigurationIsVisible = 0;
			defaultConfigurationName = Release;
		};
		AE2F22AF27E2206900979F09 /* Build configuration list for PBXNativeTarget "LearnKanaTests" */ = {
			isa = XCConfigurationList;
			buildConfigurations = (
				AE2F22B027E2206900979F09 /* Debug */,
				AE2F22B127E2206900979F09 /* Release */,
			);
			defaultConfigurationIsVisible = 0;
			defaultConfigurationName = Release;
		};
		AE2F22B227E2206900979F09 /* Build configuration list for PBXNativeTarget "LearnKanaUITests" */ = {
			isa = XCConfigurationList;
			buildConfigurations = (
				AE2F22B327E2206900979F09 /* Debug */,
				AE2F22B427E2206900979F09 /* Release */,
			);
			defaultConfigurationIsVisible = 0;
			defaultConfigurationName = Release;
		};
/* End XCConfigurationList section */
	};
	rootObject = AE2F227A27E2206900979F09 /* Project object */;
}
